
Microsoft Visual Studio Solution File, Format Version 12.00
# Visual Studio Version 16
VisualStudioVersion = 16.0.31410.357
MinimumVisualStudioVersion = 10.0.40219.1
Project("{FAE04EC0-301F-11D3-BF4B-00C04F79EFBC}") = "Consecutive Or Not", "Consecutive Or Not\Consecutive Or Not.csproj", "{B6FD8231-ADE2-4E18-B895-E83FC9B15514}"
EndProject
Global
	GlobalSection(SolutionConfigurationPlatforms) = preSolution
		Debug|Any CPU = Debug|Any CPU
		Release|Any CPU = Release|Any CPU
	EndGlobalSection
	GlobalSection(ProjectConfigurationPlatforms) = postSolution
		{B6FD8231-ADE2-4E18-B895-E83FC9B15514}.Debug|Any CPU.ActiveCfg = Debug|Any CPU
		{B6FD8231-ADE2-4E18-B895-E83FC9B15514}.Debug|Any CPU.Build.0 = Debug|Any CPU
		{B6FD8231-ADE2-4E18-B895-E83FC9B15514}.Release|Any CPU.ActiveCfg = Release|Any CPU
		{B6FD8231-ADE2-4E18-B895-E83FC9B15514}.Release|Any CPU.Build.0 = Release|Any CPU
	EndGlobalSection
	GlobalSection(SolutionProperties) = preSolution
		HideSolutionNode = FALSE
	EndGlobalSection
	GlobalSection(ExtensibilityGlobals) = postSolution
		SolutionGuid = {CD3E6BC7-A603-4826-ADBD-3A3A14BD6FC3}
	EndGlobalSection
EndGlobal
